
Microsoft Visual Studio Solution File, Format Version 12.00
# Visual Studio Version 17
VisualStudioVersion = 17.14.36616.10
MinimumVisualStudioVersion = 10.0.40219.1
Project("{FAE04EC0-301F-11D3-BF4B-00C04F79EFBC}") = "GerenciadorTarefasSimples.API", "GerenciadorTarefasSimples.API\GerenciadorTarefasSimples.API.csproj", "{86F62FDD-9FA8-47CE-B293-109004D72938}"
EndProject
Project("{FAE04EC0-301F-11D3-BF4B-00C04F79EFBC}") = "GerenciadorTarefasSimples.Services", "GerenciadorTarefasSimples.Services\GerenciadorTarefasSimples.Services.csproj", "{106C28FD-687E-4E80-A8EB-DE7E0E135DE9}"
EndProject
Project("{FAE04EC0-301F-11D3-BF4B-00C04F79EFBC}") = "GerenciadorTarefasSimples.Controllers", "GerenciadorTarefasSimples.Controllers\GerenciadorTarefasSimples.Controllers.csproj", "{785843FD-232D-466E-A03C-F8E5D61411E9}"
EndProject
Project("{FAE04EC0-301F-11D3-BF4B-00C04F79EFBC}") = "GerenciadorTarefasSimples.Exceptions", "GErenciadorTarefasSimples.Exceptions\GerenciadorTarefasSimples.Exceptions.csproj", "{4EEC7213-AFDD-42C0-876F-49890507F750}"
EndProject
Global
	GlobalSection(SolutionConfigurationPlatforms) = preSolution
		Debug|Any CPU = Debug|Any CPU
		Release|Any CPU = Release|Any CPU
	EndGlobalSection
	GlobalSection(ProjectConfigurationPlatforms) = postSolution
		{86F62FDD-9FA8-47CE-B293-109004D72938}.Debug|Any CPU.ActiveCfg = Debug|Any CPU
		{86F62FDD-9FA8-47CE-B293-109004D72938}.Debug|Any CPU.Build.0 = Debug|Any CPU
		{86F62FDD-9FA8-47CE-B293-109004D72938}.Release|Any CPU.ActiveCfg = Release|Any CPU
		{86F62FDD-9FA8-47CE-B293-109004D72938}.Release|Any CPU.Build.0 = Release|Any CPU
		{106C28FD-687E-4E80-A8EB-DE7E0E135DE9}.Debug|Any CPU.ActiveCfg = Debug|Any CPU
		{106C28FD-687E-4E80-A8EB-DE7E0E135DE9}.Debug|Any CPU.Build.0 = Debug|Any CPU
		{106C28FD-687E-4E80-A8EB-DE7E0E135DE9}.Release|Any CPU.ActiveCfg = Release|Any CPU
		{106C28FD-687E-4E80-A8EB-DE7E0E135DE9}.Release|Any CPU.Build.0 = Release|Any CPU
		{785843FD-232D-466E-A03C-F8E5D61411E9}.Debug|Any CPU.ActiveCfg = Debug|Any CPU
		{785843FD-232D-466E-A03C-F8E5D61411E9}.Debug|Any CPU.Build.0 = Debug|Any CPU
		{785843FD-232D-466E-A03C-F8E5D61411E9}.Release|Any CPU.ActiveCfg = Release|Any CPU
		{785843FD-232D-466E-A03C-F8E5D61411E9}.Release|Any CPU.Build.0 = Release|Any CPU
		{4EEC7213-AFDD-42C0-876F-49890507F750}.Debug|Any CPU.ActiveCfg = Debug|Any CPU
		{4EEC7213-AFDD-42C0-876F-49890507F750}.Debug|Any CPU.Build.0 = Debug|Any CPU
		{4EEC7213-AFDD-42C0-876F-49890507F750}.Release|Any CPU.ActiveCfg = Release|Any CPU
		{4EEC7213-AFDD-42C0-876F-49890507F750}.Release|Any CPU.Build.0 = Release|Any CPU
	EndGlobalSection
	GlobalSection(SolutionProperties) = preSolution
		HideSolutionNode = FALSE
	EndGlobalSection
	GlobalSection(ExtensibilityGlobals) = postSolution
		SolutionGuid = {FB41237D-0129-46B2-A872-1C08B249DAA4}
	EndGlobalSection
EndGlobal
